// !$*UTF8*$!
{
    archiveVersion = 1;
    classes = {
    };
    objectVersion = 56;
    objects = {

/* Begin PBXBuildFile section */
        A10000000000000000000001 /* AppIdentity.swift in Sources */ = {isa = PBXBuildFile; fileRef = A20000000000000000000001 /* AppIdentity.swift */; };
        A10000000000000000000002 /* MacHeadroomApp.swift in Sources */ = {isa = PBXBuildFile; fileRef = A20000000000000000000002 /* MacHeadroomApp.swift */; };
        A10000000000000000000005 /* PrivacyInfo.xcprivacy in Resources */ = {isa = PBXBuildFile; fileRef = A20000000000000000000006 /* PrivacyInfo.xcprivacy */; };
/* End PBXBuildFile section */

/* Begin PBXFileReference section */
        A20000000000000000000001 /* AppIdentity.swift */ = {isa = PBXFileReference; lastKnownFileType = sourcecode.swift; path = AppIdentity.swift; sourceTree = "<group>"; };
        A20000000000000000000002 /* MacHeadroomApp.swift */ = {isa = PBXFileReference; lastKnownFileType = sourcecode.swift; path = MacHeadroomApp.swift; sourceTree = "<group>"; };
        A20000000000000000000005 /* MacHeadroom.entitlements */ = {isa = PBXFileReference; lastKnownFileType = text.plist.entitlements; path = MacHeadroom.entitlements; sourceTree = "<group>"; };
        A20000000000000000000006 /* PrivacyInfo.xcprivacy */ = {isa = PBXFileReference; lastKnownFileType = text.xml; path = PrivacyInfo.xcprivacy; sourceTree = "<group>"; };
        A20000000000000000000007 /* Debug.xcconfig */ = {isa = PBXFileReference; lastKnownFileType = text.xcconfig; path = Debug.xcconfig; sourceTree = "<group>"; };
        A20000000000000000000008 /* Release.xcconfig */ = {isa = PBXFileReference; lastKnownFileType = text.xcconfig; path = Release.xcconfig; sourceTree = "<group>"; };
        A20000000000000000000009 /* Shared.xcconfig */ = {isa = PBXFileReference; lastKnownFileType = text.xcconfig; path = Shared.xcconfig; sourceTree = "<group>"; };
        A2000000000000000000000A /* Mac Headroom.app */ = {isa = PBXFileReference; explicitFileType = wrapper.application; includeInIndex = 0; path = "Mac Headroom.app"; sourceTree = BUILT_PRODUCTS_DIR; };
/* End PBXFileReference section */

/* Begin PBXFrameworksBuildPhase section */
        A30000000000000000000001 /* Frameworks */ = {
            isa = PBXFrameworksBuildPhase;
            buildActionMask = 2147483647;
            files = (
            );
            runOnlyForDeploymentPostprocessing = 0;
        };
/* End PBXFrameworksBuildPhase section */

/* Begin PBXGroup section */
        A40000000000000000000001 = {
            isa = PBXGroup;
            children = (
                A40000000000000000000002 /* MacHeadroom */,
                A40000000000000000000006 /* Configuration */,
                A40000000000000000000007 /* Products */,
            );
            sourceTree = "<group>";
        };
        A40000000000000000000002 /* MacHeadroom */ = {
            isa = PBXGroup;
            children = (
                A40000000000000000000003 /* App */,
                A40000000000000000000005 /* Resources */,
                A20000000000000000000005 /* MacHeadroom.entitlements */,
            );
            path = MacHeadroom;
            sourceTree = "<group>";
        };
        A40000000000000000000003 /* App */ = {
            isa = PBXGroup;
            children = (
                A20000000000000000000001 /* AppIdentity.swift */,
                A20000000000000000000002 /* MacHeadroomApp.swift */,
            );
            path = App;
            sourceTree = "<group>";
        };
        A40000000000000000000005 /* Resources */ = {
            isa = PBXGroup;
            children = (
                A20000000000000000000006 /* PrivacyInfo.xcprivacy */,
            );
            path = Resources;
            sourceTree = "<group>";
        };
        A40000000000000000000006 /* Configuration */ = {
            isa = PBXGroup;
            children = (
                A20000000000000000000009 /* Shared.xcconfig */,
                A20000000000000000000007 /* Debug.xcconfig */,
                A20000000000000000000008 /* Release.xcconfig */,
            );
            path = Configuration;
            sourceTree = "<group>";
        };
        A40000000000000000000007 /* Products */ = {
            isa = PBXGroup;
            children = (
                A2000000000000000000000A /* Mac Headroom.app */,
            );
            name = Products;
            sourceTree = "<group>";
        };
/* End PBXGroup section */

/* Begin PBXNativeTarget section */
        A50000000000000000000001 /* MacHeadroom */ = {
            isa = PBXNativeTarget;
            buildConfigurationList = A90000000000000000000002 /* Build configuration list for PBXNativeTarget "MacHeadroom" */;
            buildPhases = (
                A70000000000000000000001 /* Sources */,
                A30000000000000000000001 /* Frameworks */,
                A60000000000000000000001 /* Resources */,
            );
            buildRules = (
            );
            dependencies = (
            );
            name = MacHeadroom;
            productName = MacHeadroom;
            productReference = A2000000000000000000000A /* Mac Headroom.app */;
            productType = "com.apple.product-type.application";
        };
/* End PBXNativeTarget section */

/* Begin PBXProject section */
        A80000000000000000000001 /* Project object */ = {
            isa = PBXProject;
            attributes = {
                BuildIndependentTargetsInParallel = 1;
                LastSwiftUpdateCheck = 2660;
                LastUpgradeCheck = 2660;
                TargetAttributes = {
                    A50000000000000000000001 = {
                        CreatedOnToolsVersion = 26.6;
                    };
                };
            };
            buildConfigurationList = A90000000000000000000001 /* Build configuration list for PBXProject "MacHeadroom" */;
            compatibilityVersion = "Xcode 14.0";
            developmentRegion = en;
            hasScannedForEncodings = 0;
            knownRegions = (
                en,
                Base,
            );
            mainGroup = A40000000000000000000001;
            productRefGroup = A40000000000000000000007 /* Products */;
            projectDirPath = "";
            projectRoot = "";
            targets = (
                A50000000000000000000001 /* MacHeadroom */,
            );
        };
/* End PBXProject section */

/* Begin PBXResourcesBuildPhase section */
        A60000000000000000000001 /* Resources */ = {
            isa = PBXResourcesBuildPhase;
            buildActionMask = 2147483647;
            files = (
                A10000000000000000000005 /* PrivacyInfo.xcprivacy in Resources */,
            );
            runOnlyForDeploymentPostprocessing = 0;
        };
/* End PBXResourcesBuildPhase section */

/* Begin PBXSourcesBuildPhase section */
        A70000000000000000000001 /* Sources */ = {
            isa = PBXSourcesBuildPhase;
            buildActionMask = 2147483647;
            files = (
                A10000000000000000000001 /* AppIdentity.swift in Sources */,
                A10000000000000000000002 /* MacHeadroomApp.swift in Sources */,
            );
            runOnlyForDeploymentPostprocessing = 0;
        };
/* End PBXSourcesBuildPhase section */

/* Begin XCBuildConfiguration section */
        A90000000000000000000003 /* Debug */ = {
            isa = XCBuildConfiguration;
            buildSettings = {
                CLANG_ENABLE_MODULES = YES;
                CLANG_ENABLE_OBJC_ARC = YES;
                COPY_PHASE_STRIP = NO;
                DEBUG_INFORMATION_FORMAT = dwarf;
                ENABLE_STRICT_OBJC_MSGSEND = YES;
                GCC_C_LANGUAGE_STANDARD = gnu17;
                GCC_NO_COMMON_BLOCKS = YES;
                MACOSX_DEPLOYMENT_TARGET = 14.0;
                MTL_ENABLE_DEBUG_INFO = INCLUDE_SOURCE;
                ONLY_ACTIVE_ARCH = YES;
                SDKROOT = macosx;
                SWIFT_ACTIVE_COMPILATION_CONDITIONS = DEBUG;
            };
            name = Debug;
        };
        A90000000000000000000004 /* Release */ = {
            isa = XCBuildConfiguration;
            buildSettings = {
                CLANG_ENABLE_MODULES = YES;
                CLANG_ENABLE_OBJC_ARC = YES;
                COPY_PHASE_STRIP = YES;
                DEBUG_INFORMATION_FORMAT = "dwarf-with-dsym";
                ENABLE_NS_ASSERTIONS = NO;
                ENABLE_STRICT_OBJC_MSGSEND = YES;
                GCC_C_LANGUAGE_STANDARD = gnu17;
                GCC_NO_COMMON_BLOCKS = YES;
                MACOSX_DEPLOYMENT_TARGET = 14.0;
                MTL_ENABLE_DEBUG_INFO = NO;
                SDKROOT = macosx;
                SWIFT_COMPILATION_MODE = wholemodule;
            };
            name = Release;
        };
        A90000000000000000000005 /* Debug */ = {
            isa = XCBuildConfiguration;
            baseConfigurationReference = A20000000000000000000007 /* Debug.xcconfig */;
            buildSettings = {
            };
            name = Debug;
        };
        A90000000000000000000006 /* Release */ = {
            isa = XCBuildConfiguration;
            baseConfigurationReference = A20000000000000000000008 /* Release.xcconfig */;
            buildSettings = {
            };
            name = Release;
        };
/* End XCBuildConfiguration section */

/* Begin XCConfigurationList section */
        A90000000000000000000001 /* Build configuration list for PBXProject "MacHeadroom" */ = {
            isa = XCConfigurationList;
            buildConfigurations = (
                A90000000000000000000003 /* Debug */,
                A90000000000000000000004 /* Release */,
            );
            defaultConfigurationIsVisible = 0;
            defaultConfigurationName = Release;
        };
        A90000000000000000000002 /* Build configuration list for PBXNativeTarget "MacHeadroom" */ = {
            isa = XCConfigurationList;
            buildConfigurations = (
                A90000000000000000000005 /* Debug */,
                A90000000000000000000006 /* Release */,
            );
            defaultConfigurationIsVisible = 0;
            defaultConfigurationName = Release;
        };
/* End XCConfigurationList section */
    };
    rootObject = A80000000000000000000001 /* Project object */;
}
